// !$*UTF8*$!
{
	archiveVersion = 1;
	classes = {
	};
	objectVersion = 55;
	objects = {

/* Begin PBXBuildFile section */
		25105E6E28AD9C6400C3E501 /* Tests_iOS.swift in Sources */ = {isa = PBXBuildFile; fileRef = 25105E6D28AD9C6400C3E501 /* Tests_iOS.swift */; };
		25105E7028AD9C6400C3E501 /* Tests_iOSLaunchTests.swift in Sources */ = {isa = PBXBuildFile; fileRef = 25105E6F28AD9C6400C3E501 /* Tests_iOSLaunchTests.swift */; };
		25105E7A28AD9C6400C3E501 /* Tests_macOS.swift in Sources */ = {isa = PBXBuildFile; fileRef = 25105E7928AD9C6400C3E501 /* Tests_macOS.swift */; };
		25105E7C28AD9C6400C3E501 /* Tests_macOSLaunchTests.swift in Sources */ = {isa = PBXBuildFile; fileRef = 25105E7B28AD9C6400C3E501 /* Tests_macOSLaunchTests.swift */; };
		25105E7D28AD9C6400C3E501 /* SquareDraftApp.swift in Sources */ = {isa = PBXBuildFile; fileRef = 25105E5528AD9C5F00C3E501 /* SquareDraftApp.swift */; };
		25105E7E28AD9C6400C3E501 /* SquareDraftApp.swift in Sources */ = {isa = PBXBuildFile; fileRef = 25105E5528AD9C5F00C3E501 /* SquareDraftApp.swift */; };
		25105E7F28AD9C6400C3E501 /* ContentView.swift in Sources */ = {isa = PBXBuildFile; fileRef = 25105E5628AD9C5F00C3E501 /* ContentView.swift */; };
		25105E8028AD9C6400C3E501 /* ContentView.swift in Sources */ = {isa = PBXBuildFile; fileRef = 25105E5628AD9C5F00C3E501 /* ContentView.swift */; };
		25105E8128AD9C6400C3E501 /* Assets.xcassets in Resources */ = {isa = PBXBuildFile; fileRef = 25105E5728AD9C6400C3E501 /* Assets.xcassets */; };
		25105E8228AD9C6400C3E501 /* Assets.xcassets in Resources */ = {isa = PBXBuildFile; fileRef = 25105E5728AD9C6400C3E501 /* Assets.xcassets */; };
/* End PBXBuildFile section */

/* Begin PBXContainerItemProxy section */
		25105E6A28AD9C6400C3E501 /* PBXContainerItemProxy */ = {
			isa = PBXContainerItemProxy;
			containerPortal = 25105E5028AD9C5E00C3E501 /* Project object */;
			proxyType = 1;
			remoteGlobalIDString = 25105E5B28AD9C6400C3E501;
			remoteInfo = "SquareDraft (iOS)";
		};
		25105E7628AD9C6400C3E501 /* PBXContainerItemProxy */ = {
			isa = PBXContainerItemProxy;
			containerPortal = 25105E5028AD9C5E00C3E501 /* Project object */;
			proxyType = 1;
			remoteGlobalIDString = 25105E6128AD9C6400C3E501;
			remoteInfo = "SquareDraft (macOS)";
		};
/* End PBXContainerItemProxy section */

/* Begin PBXFileReference section */
		25105E5528AD9C5F00C3E501 /* SquareDraftApp.swift */ = {isa = PBXFileReference; lastKnownFileType = sourcecode.swift; path = SquareDraftApp.swift; sourceTree = "<group>"; };
		25105E5628AD9C5F00C3E501 /* ContentView.swift */ = {isa = PBXFileReference; lastKnownFileType = sourcecode.swift; path = ContentView.swift; sourceTree = "<group>"; };
		25105E5728AD9C6400C3E501 /* Assets.xcassets */ = {isa = PBXFileReference; lastKnownFileType = folder.assetcatalog; path = Assets.xcassets; sourceTree = "<group>"; };
		25105E5C28AD9C6400C3E501 /* SquareDraft.app */ = {isa = PBXFileReference; explicitFileType = wrapper.application; includeInIndex = 0; path = SquareDraft.app; sourceTree = BUILT_PRODUCTS_DIR; };
		25105E6228AD9C6400C3E501 /* SquareDraft.app */ = {isa = PBXFileReference; explicitFileType = wrapper.application; includeInIndex = 0; path = SquareDraft.app; sourceTree = BUILT_PRODUCTS_DIR; };
		25105E6428AD9C6400C3E501 /* macOS.entitlements */ = {isa = PBXFileReference; lastKnownFileType = text.plist.entitlements; path = macOS.entitlements; sourceTree = "<group>"; };
		25105E6928AD9C6400C3E501 /* Tests iOS.xctest */ = {isa = PBXFileReference; explicitFileType = wrapper.cfbundle; includeInIndex = 0; path = "Tests iOS.xctest"; sourceTree = BUILT_PRODUCTS_DIR; };
		25105E6D28AD9C6400C3E501 /* Tests_iOS.swift */ = {isa = PBXFileReference; lastKnownFileType = sourcecode.swift; path = Tests_iOS.swift; sourceTree = "<group>"; };
		25105E6F28AD9C6400C3E501 /* Tests_iOSLaunchTests.swift */ = {isa = PBXFileReference; lastKnownFileType = sourcecode.swift; path = Tests_iOSLaunchTests.swift; sourceTree = "<group>"; };
		25105E7528AD9C6400C3E501 /* Tests macOS.xctest */ = {isa = PBXFileReference; explicitFileType = wrapper.cfbundle; includeInIndex = 0; path = "Tests macOS.xctest"; sourceTree = BUILT_PRODUCTS_DIR; };
		25105E7928AD9C6400C3E501 /* Tests_macOS.swift */ = {isa = PBXFileReference; lastKnownFileType = sourcecode.swift; path = Tests_macOS.swift; sourceTree = "<group>"; };
		25105E7B28AD9C6400C3E501 /* Tests_macOSLaunchTests.swift */ = {isa = PBXFileReference; lastKnownFileType = sourcecode.swift; path = Tests_macOSLaunchTests.swift; sourceTree = "<group>"; };
/* End PBXFileReference section */

/* Begin PBXFrameworksBuildPhase section */
		25105E5928AD9C6400C3E501 /* Frameworks */ = {
			isa = PBXFrameworksBuildPhase;
			buildActionMask = 2147483647;
			files = (
			);
			runOnlyForDeploymentPostprocessing = 0;
		};
		25105E5F28AD9C6400C3E501 /* Frameworks */ = {
			isa = PBXFrameworksBuildPhase;
			buildActionMask = 2147483647;
			files = (
			);
			runOnlyForDeploymentPostprocessing = 0;
		};
		25105E6628AD9C6400C3E501 /* Frameworks */ = {
			isa = PBXFrameworksBuildPhase;
			buildActionMask = 2147483647;
			files = (
			);
			runOnlyForDeploymentPostprocessing = 0;
		};
		25105E7228AD9C6400C3E501 /* Frameworks */ = {
			isa = PBXFrameworksBuildPhase;
			buildActionMask = 2147483647;
			files = (
			);
			runOnlyForDeploymentPostprocessing = 0;
		};
/* End PBXFrameworksBuildPhase section */

/* Begin PBXGroup section */
		25105E4F28AD9C5E00C3E501 = {
			isa = PBXGroup;
			children = (
				25105E5428AD9C5F00C3E501 /* Shared */,
				25105E6328AD9C6400C3E501 /* macOS */,
				25105E6C28AD9C6400C3E501 /* Tests iOS */,
				25105E7828AD9C6400C3E501 /* Tests macOS */,
				25105E5D28AD9C6400C3E501 /* Products */,
			);
			sourceTree = "<group>";
		};
		25105E5428AD9C5F00C3E501 /* Shared */ = {
			isa = PBXGroup;
			children = (
				25105E5528AD9C5F00C3E501 /* SquareDraftApp.swift */,
				25105E5628AD9C5F00C3E501 /* ContentView.swift */,
				25105E5728AD9C6400C3E501 /* Assets.xcassets */,
			);
			path = Shared;
			sourceTree = "<group>";
		};
		25105E5D28AD9C6400C3E501 /* Products */ = {
			isa = PBXGroup;
			children = (
				25105E5C28AD9C6400C3E501 /* SquareDraft.app */,
				25105E6228AD9C6400C3E501 /* SquareDraft.app */,
				25105E6928AD9C6400C3E501 /* Tests iOS.xctest */,
				25105E7528AD9C6400C3E501 /* Tests macOS.xctest */,
			);
			name = Products;
			sourceTree = "<group>";
		};
		25105E6328AD9C6400C3E501 /* macOS */ = {
			isa = PBXGroup;
			children = (
				25105E6428AD9C6400C3E501 /* macOS.entitlements */,
			);
			path = macOS;
			sourceTree = "<group>";
		};
		25105E6C28AD9C6400C3E501 /* Tests iOS */ = {
			isa = PBXGroup;
			children = (
				25105E6D28AD9C6400C3E501 /* Tests_iOS.swift */,
				25105E6F28AD9C6400C3E501 /* Tests_iOSLaunchTests.swift */,
			);
			path = "Tests iOS";
			sourceTree = "<group>";
		};
		25105E7828AD9C6400C3E501 /* Tests macOS */ = {
			isa = PBXGroup;
			children = (
				25105E7928AD9C6400C3E501 /* Tests_macOS.swift */,
				25105E7B28AD9C6400C3E501 /* Tests_macOSLaunchTests.swift */,
			);
			path = "Tests macOS";
			sourceTree = "<group>";
		};
/* End PBXGroup section */

/* Begin PBXNativeTarget section */
		25105E5B28AD9C6400C3E501 /* SquareDraft (iOS) */ = {
			isa = PBXNativeTarget;
			buildConfigurationList = 25105E8528AD9C6400C3E501 /* Build configuration list for PBXNativeTarget "SquareDraft (iOS)" */;
			buildPhases = (
				25105E5828AD9C6400C3E501 /* Sources */,
				25105E5928AD9C6400C3E501 /* Frameworks */,
				25105E5A28AD9C6400C3E501 /* Resources */,
			);
			buildRules = (
			);
			dependencies = (
			);
			name = "SquareDraft (iOS)";
			productName = "SquareDraft (iOS)";
			productReference = 25105E5C28AD9C6400C3E501 /* SquareDraft.app */;
			productType = "com.apple.product-type.application";
		};
		25105E6128AD9C6400C3E501 /* SquareDraft (macOS) */ = {
			isa = PBXNativeTarget;
			buildConfigurationList = 25105E8828AD9C6400C3E501 /* Build configuration list for PBXNativeTarget "SquareDraft (macOS)" */;
			buildPhases = (
				25105E5E28AD9C6400C3E501 /* Sources */,
				25105E5F28AD9C6400C3E501 /* Frameworks */,
				25105E6028AD9C6400C3E501 /* Resources */,
			);
			buildRules = (
			);
			dependencies = (
			);
			name = "SquareDraft (macOS)";
			productName = "SquareDraft (macOS)";
			productReference = 25105E6228AD9C6400C3E501 /* SquareDraft.app */;
			productType = "com.apple.product-type.application";
		};
		25105E6828AD9C6400C3E501 /* Tests iOS */ = {
			isa = PBXNativeTarget;
			buildConfigurationList = 25105E8B28AD9C6400C3E501 /* Build configuration list for PBXNativeTarget "Tests iOS" */;
			buildPhases = (
				25105E6528AD9C6400C3E501 /* Sources */,
				25105E6628AD9C6400C3E501 /* Frameworks */,
				25105E6728AD9C6400C3E501 /* Resources */,
			);
			buildRules = (
			);
			dependencies = (
				25105E6B28AD9C6400C3E501 /* PBXTargetDependency */,
			);
			name = "Tests iOS";
			productName = "Tests iOS";
			productReference = 25105E6928AD9C6400C3E501 /* Tests iOS.xctest */;
			productType = "com.apple.product-type.bundle.ui-testing";
		};
		25105E7428AD9C6400C3E501 /* Tests macOS */ = {
			isa = PBXNativeTarget;
			buildConfigurationList = 25105E8E28AD9C6400C3E501 /* Build configuration list for PBXNativeTarget "Tests macOS" */;
			buildPhases = (
				25105E7128AD9C6400C3E501 /* Sources */,
				25105E7228AD9C6400C3E501 /* Frameworks */,
				25105E7328AD9C6400C3E501 /* Resources */,
			);
			buildRules = (
			);
			dependencies = (
				25105E7728AD9C6400C3E501 /* PBXTargetDependency */,
			);
			name = "Tests macOS";
			productName = "Tests macOS";
			productReference = 25105E7528AD9C6400C3E501 /* Tests macOS.xctest */;
			productType = "com.apple.product-type.bundle.ui-testing";
		};
/* End PBXNativeTarget section */

/* Begin PBXProject section */
		25105E5028AD9C5E00C3E501 /* Project object */ = {
			isa = PBXProject;
			attributes = {
				BuildIndependentTargetsInParallel = 1;
				LastSwiftUpdateCheck = 1340;
				LastUpgradeCheck = 1340;
				TargetAttributes = {
					25105E5B28AD9C6400C3E501 = {
						CreatedOnToolsVersion = 13.4.1;
					};
					25105E6128AD9C6400C3E501 = {
						CreatedOnToolsVersion = 13.4.1;
					};
					25105E6828AD9C6400C3E501 = {
						CreatedOnToolsVersion = 13.4.1;
						TestTargetID = 25105E5B28AD9C6400C3E501;
					};
					25105E7428AD9C6400C3E501 = {
						CreatedOnToolsVersion = 13.4.1;
						TestTargetID = 25105E6128AD9C6400C3E501;
					};
				};
			};
			buildConfigurationList = 25105E5328AD9C5E00C3E501 /* Build configuration list for PBXProject "SquareDraft" */;
			compatibilityVersion = "Xcode 13.0";
			developmentRegion = en;
			hasScannedForEncodings = 0;
			knownRegions = (
				en,
				Base,
			);
			mainGroup = 25105E4F28AD9C5E00C3E501;
			productRefGroup = 25105E5D28AD9C6400C3E501 /* Products */;
			projectDirPath = "";
			projectRoot = "";
			targets = (
				25105E5B28AD9C6400C3E501 /* SquareDraft (iOS) */,
				25105E6128AD9C6400C3E501 /* SquareDraft (macOS) */,
				25105E6828AD9C6400C3E501 /* Tests iOS */,
				25105E7428AD9C6400C3E501 /* Tests macOS */,
			);
		};
/* End PBXProject section */

/* Begin PBXResourcesBuildPhase section */
		25105E5A28AD9C6400C3E501 /* Resources */ = {
			isa = PBXResourcesBuildPhase;
			buildActionMask = 2147483647;
			files = (
				25105E8128AD9C6400C3E501 /* Assets.xcassets in Resources */,
			);
			runOnlyForDeploymentPostprocessing = 0;
		};
		25105E6028AD9C6400C3E501 /* Resources */ = {
			isa = PBXResourcesBuildPhase;
			buildActionMask = 2147483647;
			files = (
				25105E8228AD9C6400C3E501 /* Assets.xcassets in Resources */,
			);
			runOnlyForDeploymentPostprocessing = 0;
		};
		25105E6728AD9C6400C3E501 /* Resources */ = {
			isa = PBXResourcesBuildPhase;
			buildActionMask = 2147483647;
			files = (
			);
			runOnlyForDeploymentPostprocessing = 0;
		};
		25105E7328AD9C6400C3E501 /* Resources */ = {
			isa = PBXResourcesBuildPhase;
			buildActionMask = 2147483647;
			files = (
			);
			runOnlyForDeploymentPostprocessing = 0;
		};
/* End PBXResourcesBuildPhase section */

/* Begin PBXSourcesBuildPhase section */
		25105E5828AD9C6400C3E501 /* Sources */ = {
			isa = PBXSourcesBuildPhase;
			buildActionMask = 2147483647;
			files = (
				25105E7F28AD9C6400C3E501 /* ContentView.swift in Sources */,
				25105E7D28AD9C6400C3E501 /* SquareDraftApp.swift in Sources */,
			);
			runOnlyForDeploymentPostprocessing = 0;
		};
		25105E5E28AD9C6400C3E501 /* Sources */ = {
			isa = PBXSourcesBuildPhase;
			buildActionMask = 2147483647;
			files = (
				25105E8028AD9C6400C3E501 /* ContentView.swift in Sources */,
				25105E7E28AD9C6400C3E501 /* SquareDraftApp.swift in Sources */,
			);
			runOnlyForDeploymentPostprocessing = 0;
		};
		25105E6528AD9C6400C3E501 /* Sources */ = {
			isa = PBXSourcesBuildPhase;
			buildActionMask = 2147483647;
			files = (
				25105E7028AD9C6400C3E501 /* Tests_iOSLaunchTests.swift in Sources */,
				25105E6E28AD9C6400C3E501 /* Tests_iOS.swift in Sources */,
			);
			runOnlyForDeploymentPostprocessing = 0;
		};
		25105E7128AD9C6400C3E501 /* Sources */ = {
			isa = PBXSourcesBuildPhase;
			buildActionMask = 2147483647;
			files = (
				25105E7C28AD9C6400C3E501 /* Tests_macOSLaunchTests.swift in Sources */,
				25105E7A28AD9C6400C3E501 /* Tests_macOS.swift in Sources */,
			);
			runOnlyForDeploymentPostprocessing = 0;
		};
/* End PBXSourcesBuildPhase section */

/* Begin PBXTargetDependency section */
		25105E6B28AD9C6400C3E501 /* PBXTargetDependency */ = {
			isa = PBXTargetDependency;
			target = 25105E5B28AD9C6400C3E501 /* SquareDraft (iOS) */;
			targetProxy = 25105E6A28AD9C6400C3E501 /* PBXContainerItemProxy */;
		};
		25105E7728AD9C6400C3E501 /* PBXTargetDependency */ = {
			isa = PBXTargetDependency;
			target = 25105E6128AD9C6400C3E501 /* SquareDraft (macOS) */;
			targetProxy = 25105E7628AD9C6400C3E501 /* PBXContainerItemProxy */;
		};
/* End PBXTargetDependency section */

/* Begin XCBuildConfiguration section */
		25105E8328AD9C6400C3E501 /* Debug */ = {
			isa = XCBuildConfiguration;
			buildSettings = {
				ALWAYS_SEARCH_USER_PATHS = NO;
				CLANG_ANALYZER_NONNULL = YES;
				CLANG_ANALYZER_NUMBER_OBJECT_CONVERSION = YES_AGGRESSIVE;
				CLANG_CXX_LANGUAGE_STANDARD = "gnu++17";
				CLANG_ENABLE_MODULES = YES;
				CLANG_ENABLE_OBJC_ARC = YES;
				CLANG_ENABLE_OBJC_WEAK = YES;
				CLANG_WARN_BLOCK_CAPTURE_AUTORELEASING = YES;
				CLANG_WARN_BOOL_CONVERSION = YES;
				CLANG_WARN_COMMA = YES;
				CLANG_WARN_CONSTANT_CONVERSION = YES;
				CLANG_WARN_DEPRECATED_OBJC_IMPLEMENTATIONS = YES;
				CLANG_WARN_DIRECT_OBJC_ISA_USAGE = YES_ERROR;
				CLANG_WARN_DOCUMENTATION_COMMENTS = YES;
				CLANG_WARN_EMPTY_BODY = YES;
				CLANG_WARN_ENUM_CONVERSION = YES;
				CLANG_WARN_INFINITE_RECURSION = YES;
				CLANG_WARN_INT_CONVERSION = YES;
				CLANG_WARN_NON_LITERAL_NULL_CONVERSION = YES;
				CLANG_WARN_OBJC_IMPLICIT_RETAIN_SELF = YES;
				CLANG_WARN_OBJC_LITERAL_CONVERSION = YES;
				CLANG_WARN_OBJC_ROOT_CLASS = YES_ERROR;
				CLANG_WARN_QUOTED_INCLUDE_IN_FRAMEWORK_HEADER = YES;
				CLANG_WARN_RANGE_LOOP_ANALYSIS = YES;
				CLANG_WARN_STRICT_PROTOTYPES = YES;
				CLANG_WARN_SUSPICIOUS_MOVE = YES;
				CLANG_WARN_UNGUARDED_AVAILABILITY = YES_AGGRESSIVE;
				CLANG_WARN_UNREACHABLE_CODE = YES;
				CLANG_WARN__DUPLICATE_METHOD_MATCH = YES;
				COPY_PHASE_STRIP = NO;
				DEBUG_INFORMATION_FORMAT = dwarf;
				ENABLE_STRICT_OBJC_MSGSEND = YES;
				ENABLE_TESTABILITY = YES;
				GCC_C_LANGUAGE_STANDARD = gnu11;
				GCC_DYNAMIC_NO_PIC = NO;
				GCC_NO_COMMON_BLOCKS = YES;
				GCC_OPTIMIZATION_LEVEL = 0;
				GCC_PREPROCESSOR_DEFINITIONS = (
					"DEBUG=1",
					"$(inherited)",
				);
				GCC_WARN_64_TO_32_BIT_CONVERSION = YES;
				GCC_WARN_ABOUT_RETURN_TYPE = YES_ERROR;
				GCC_WARN_UNDECLARED_SELECTOR = YES;
				GCC_WARN_UNINITIALIZED_AUTOS = YES_AGGRESSIVE;
				GCC_WARN_UNUSED_FUNCTION = YES;
				GCC_WARN_UNUSED_VARIABLE = YES;
				MTL_ENABLE_DEBUG_INFO = INCLUDE_SOURCE;
				MTL_FAST_MATH = YES;
				ONLY_ACTIVE_ARCH = YES;
				SWIFT_ACTIVE_COMPILATION_CONDITIONS = DEBUG;
				SWIFT_OPTIMIZATION_LEVEL = "-Onone";
			};
			name = Debug;
		};
		25105E8428AD9C6400C3E501 /* Release */ = {
			isa = XCBuildConfiguration;
			buildSettings = {
				ALWAYS_SEARCH_USER_PATHS = NO;
				CLANG_ANALYZER_NONNULL = YES;
				CLANG_ANALYZER_NUMBER_OBJECT_CONVERSION = YES_AGGRESSIVE;
				CLANG_CXX_LANGUAGE_STANDARD = "gnu++17";
				CLANG_ENABLE_MODULES = YES;
				CLANG_ENABLE_OBJC_ARC = YES;
				CLANG_ENABLE_OBJC_WEAK = YES;
				CLANG_WARN_BLOCK_CAPTURE_AUTORELEASING = YES;
				CLANG_WARN_BOOL_CONVERSION = YES;
				CLANG_WARN_COMMA = YES;
				CLANG_WARN_CONSTANT_CONVERSION = YES;
				CLANG_WARN_DEPRECATED_OBJC_IMPLEMENTATIONS = YES;
				CLANG_WARN_DIRECT_OBJC_ISA_USAGE = YES_ERROR;
				CLANG_WARN_DOCUMENTATION_COMMENTS = YES;
				CLANG_WARN_EMPTY_BODY = YES;
				CLANG_WARN_ENUM_CONVERSION = YES;
				CLANG_WARN_INFINITE_RECURSION = YES;
				CLANG_WARN_INT_CONVERSION = YES;
				CLANG_WARN_NON_LITERAL_NULL_CONVERSION = YES;
				CLANG_WARN_OBJC_IMPLICIT_RETAIN_SELF = YES;
				CLANG_WARN_OBJC_LITERAL_CONVERSION = YES;
				CLANG_WARN_OBJC_ROOT_CLASS = YES_ERROR;
				CLANG_WARN_QUOTED_INCLUDE_IN_FRAMEWORK_HEADER = YES;
				CLANG_WARN_RANGE_LOOP_ANALYSIS = YES;
				CLANG_WARN_STRICT_PROTOTYPES = YES;
				CLANG_WARN_SUSPICIOUS_MOVE = YES;
				CLANG_WARN_UNGUARDED_AVAILABILITY = YES_AGGRESSIVE;
				CLANG_WARN_UNREACHABLE_CODE = YES;
				CLANG_WARN__DUPLICATE_METHOD_MATCH = YES;
				COPY_PHASE_STRIP = NO;
				DEBUG_INFORMATION_FORMAT = "dwarf-with-dsym";
				ENABLE_NS_ASSERTIONS = NO;
				ENABLE_STRICT_OBJC_MSGSEND = YES;
				GCC_C_LANGUAGE_STANDARD = gnu11;
				GCC_NO_COMMON_BLOCKS = YES;
				GCC_WARN_64_TO_32_BIT_CONVERSION = YES;
				GCC_WARN_ABOUT_RETURN_TYPE = YES_ERROR;
				GCC_WARN_UNDECLARED_SELECTOR = YES;
				GCC_WARN_UNINITIALIZED_AUTOS = YES_AGGRESSIVE;
				GCC_WARN_UNUSED_FUNCTION = YES;
				GCC_WARN_UNUSED_VARIABLE = YES;
				MTL_ENABLE_DEBUG_INFO = NO;
				MTL_FAST_MATH = YES;
				SWIFT_COMPILATION_MODE = wholemodule;
				SWIFT_OPTIMIZATION_LEVEL = "-O";
			};
			name = Release;
		};
		25105E8628AD9C6400C3E501 /* Debug */ = {
			isa = XCBuildConfiguration;
			buildSettings = {
				ASSETCATALOG_COMPILER_APPICON_NAME = AppIcon;
				ASSETCATALOG_COMPILER_GLOBAL_ACCENT_COLOR_NAME = AccentColor;
				CODE_SIGN_STYLE = Automatic;
				CURRENT_PROJECT_VERSION = 1;
				ENABLE_PREVIEWS = YES;
				GENERATE_INFOPLIST_FILE = YES;
				INFOPLIST_KEY_UIApplicationSceneManifest_Generation = YES;
				INFOPLIST_KEY_UIApplicationSupportsIndirectInputEvents = YES;
				INFOPLIST_KEY_UILaunchScreen_Generation = YES;
				INFOPLIST_KEY_UISupportedInterfaceOrientations_iPad = "UIInterfaceOrientationPortrait UIInterfaceOrientationPortraitUpsideDown UIInterfaceOrientationLandscapeLeft UIInterfaceOrientationLandscapeRight";
				INFOPLIST_KEY_UISupportedInterfaceOrientations_iPhone = "UIInterfaceOrientationPortrait UIInterfaceOrientationLandscapeLeft UIInterfaceOrientationLandscapeRight";
				IPHONEOS_DEPLOYMENT_TARGET = 15.5;
				LD_RUNPATH_SEARCH_PATHS = (
					"$(inherited)",
					"@executable_path/Frameworks",
				);
				MARKETING_VERSION = 1.0;
				PRODUCT_BUNDLE_IDENTIFIER = ZCC.SquareDraft;
				PRODUCT_NAME = SquareDraft;
				SDKROOT = iphoneos;
				SWIFT_EMIT_LOC_STRINGS = YES;
				SWIFT_VERSION = 5.0;
				TARGETED_DEVICE_FAMILY = "1,2";
			};
			name = Debug;
		};
		25105E8728AD9C6400C3E501 /* Release */ = {
			isa = XCBuildConfiguration;
			buildSettings = {
				ASSETCATALOG_COMPILER_APPICON_NAME = AppIcon;
				ASSETCATALOG_COMPILER_GLOBAL_ACCENT_COLOR_NAME = AccentColor;
				CODE_SIGN_STYLE = Automatic;
				CURRENT_PROJECT_VERSION = 1;
				ENABLE_PREVIEWS = YES;
				GENERATE_INFOPLIST_FILE = YES;
				INFOPLIST_KEY_UIApplicationSceneManifest_Generation = YES;
				INFOPLIST_KEY_UIApplicationSupportsIndirectInputEvents = YES;
				INFOPLIST_KEY_UILaunchScreen_Generation = YES;
				INFOPLIST_KEY_UISupportedInterfaceOrientations_iPad = "UIInterfaceOrientationPortrait UIInterfaceOrientationPortraitUpsideDown UIInterfaceOrientationLandscapeLeft UIInterfaceOrientationLandscapeRight";
				INFOPLIST_KEY_UISupportedInterfaceOrientations_iPhone = "UIInterfaceOrientationPortrait UIInterfaceOrientationLandscapeLeft UIInterfaceOrientationLandscapeRight";
				IPHONEOS_DEPLOYMENT_TARGET = 15.5;
				LD_RUNPATH_SEARCH_PATHS = (
					"$(inherited)",
					"@executable_path/Frameworks",
				);
				MARKETING_VERSION = 1.0;
				PRODUCT_BUNDLE_IDENTIFIER = ZCC.SquareDraft;
				PRODUCT_NAME = SquareDraft;
				SDKROOT = iphoneos;
				SWIFT_EMIT_LOC_STRINGS = YES;
				SWIFT_VERSION = 5.0;
				TARGETED_DEVICE_FAMILY = "1,2";
				VALIDATE_PRODUCT = YES;
			};
			name = Release;
		};
		25105E8928AD9C6400C3E501 /* Debug */ = {
			isa = XCBuildConfiguration;
			buildSettings = {
				ASSETCATALOG_COMPILER_APPICON_NAME = AppIcon;
				ASSETCATALOG_COMPILER_GLOBAL_ACCENT_COLOR_NAME = AccentColor;
				CODE_SIGN_ENTITLEMENTS = macOS/macOS.entitlements;
				CODE_SIGN_STYLE = Automatic;
				COMBINE_HIDPI_IMAGES = YES;
				CURRENT_PROJECT_VERSION = 1;
				ENABLE_PREVIEWS = YES;
				GENERATE_INFOPLIST_FILE = YES;
				INFOPLIST_KEY_NSHumanReadableCopyright = "";
				LD_RUNPATH_SEARCH_PATHS = (
					"$(inherited)",
					"@executable_path/../Frameworks",
				);
				MACOSX_DEPLOYMENT_TARGET = 12.3;
				MARKETING_VERSION = 1.0;
				PRODUCT_BUNDLE_IDENTIFIER = ZCC.SquareDraft;
				PRODUCT_NAME = SquareDraft;
				SDKROOT = macosx;
				SWIFT_EMIT_LOC_STRINGS = YES;
				SWIFT_VERSION = 5.0;
			};
			name = Debug;
		};
		25105E8A28AD9C6400C3E501 /* Release */ = {
			isa = XCBuildConfiguration;
			buildSettings = {
				ASSETCATALOG_COMPILER_APPICON_NAME = AppIcon;
				ASSETCATALOG_COMPILER_GLOBAL_ACCENT_COLOR_NAME = AccentColor;
				CODE_SIGN_ENTITLEMENTS = macOS/macOS.entitlements;
				CODE_SIGN_STYLE = Automatic;
				COMBINE_HIDPI_IMAGES = YES;
				CURRENT_PROJECT_VERSION = 1;
				ENABLE_PREVIEWS = YES;
				GENERATE_INFOPLIST_FILE = YES;
				INFOPLIST_KEY_NSHumanReadableCopyright = "";
				LD_RUNPATH_SEARCH_PATHS = (
					"$(inherited)",
					"@executable_path/../Frameworks",
				);
				MACOSX_DEPLOYMENT_TARGET = 12.3;
				MARKETING_VERSION = 1.0;
				PRODUCT_BUNDLE_IDENTIFIER = ZCC.SquareDraft;
				PRODUCT_NAME = SquareDraft;
				SDKROOT = macosx;
				SWIFT_EMIT_LOC_STRINGS = YES;
				SWIFT_VERSION = 5.0;
			};
			name = Release;
		};
		25105E8C28AD9C6400C3E501 /* Debug */ = {
			isa = XCBuildConfiguration;
			buildSettings = {
				ALWAYS_EMBED_SWIFT_STANDARD_LIBRARIES = YES;
				CODE_SIGN_STYLE = Automatic;
				CURRENT_PROJECT_VERSION = 1;
				GENERATE_INFOPLIST_FILE = YES;
				IPHONEOS_DEPLOYMENT_TARGET = 15.5;
				MARKETING_VERSION = 1.0;
				PRODUCT_BUNDLE_IDENTIFIER = "ZCC.Tests-iOS";
				PRODUCT_NAME = "$(TARGET_NAME)";
				SDKROOT = iphoneos;
				SWIFT_EMIT_LOC_STRINGS = NO;
				SWIFT_VERSION = 5.0;
				TARGETED_DEVICE_FAMILY = "1,2";
				TEST_TARGET_NAME = "SquareDraft (iOS)";
			};
			name = Debug;
		};
		25105E8D28AD9C6400C3E501 /* Release */ = {
			isa = XCBuildConfiguration;
			buildSettings = {
				ALWAYS_EMBED_SWIFT_STANDARD_LIBRARIES = YES;
				CODE_SIGN_STYLE = Automatic;
				CURRENT_PROJECT_VERSION = 1;
				GENERATE_INFOPLIST_FILE = YES;
				IPHONEOS_DEPLOYMENT_TARGET = 15.5;
				MARKETING_VERSION = 1.0;
				PRODUCT_BUNDLE_IDENTIFIER = "ZCC.Tests-iOS";
				PRODUCT_NAME = "$(TARGET_NAME)";
				SDKROOT = iphoneos;
				SWIFT_EMIT_LOC_STRINGS = NO;
				SWIFT_VERSION = 5.0;
				TARGETED_DEVICE_FAMILY = "1,2";
				TEST_TARGET_NAME = "SquareDraft (iOS)";
				VALIDATE_PRODUCT = YES;
			};
			name = Release;
		};
		25105E8F28AD9C6400C3E501 /* Debug */ = {
			isa = XCBuildConfiguration;
			buildSettings = {
				ALWAYS_EMBED_SWIFT_STANDARD_LIBRARIES = YES;
				CODE_SIGN_STYLE = Automatic;
				CURRENT_PROJECT_VERSION = 1;
				GENERATE_INFOPLIST_FILE = YES;
				MACOSX_DEPLOYMENT_TARGET = 12.3;
				MARKETING_VERSION = 1.0;
				PRODUCT_BUNDLE_IDENTIFIER = "ZCC.Tests-macOS";
				PRODUCT_NAME = "$(TARGET_NAME)";
				SDKROOT = macosx;
				SWIFT_EMIT_LOC_STRINGS = NO;
				SWIFT_VERSION = 5.0;
				TEST_TARGET_NAME = "SquareDraft (macOS)";
			};
			name = Debug;
		};
		25105E9028AD9C6400C3E501 /* Release */ = {
			isa = XCBuildConfiguration;
			buildSettings = {
				ALWAYS_EMBED_SWIFT_STANDARD_LIBRARIES = YES;
				CODE_SIGN_STYLE = Automatic;
				CURRENT_PROJECT_VERSION = 1;
				GENERATE_INFOPLIST_FILE = YES;
				MACOSX_DEPLOYMENT_TARGET = 12.3;
				MARKETING_VERSION = 1.0;
				PRODUCT_BUNDLE_IDENTIFIER = "ZCC.Tests-macOS";
				PRODUCT_NAME = "$(TARGET_NAME)";
				SDKROOT = macosx;
				SWIFT_EMIT_LOC_STRINGS = NO;
				SWIFT_VERSION = 5.0;
				TEST_TARGET_NAME = "SquareDraft (macOS)";
			};
			name = Release;
		};
/* End XCBuildConfiguration section */

/* Begin XCConfigurationList section */
		25105E5328AD9C5E00C3E501 /* Build configuration list for PBXProject "SquareDraft" */ = {
			isa = XCConfigurationList;
			buildConfigurations = (
				25105E8328AD9C6400C3E501 /* Debug */,
				25105E8428AD9C6400C3E501 /* Release */,
			);
			defaultConfigurationIsVisible = 0;
			defaultConfigurationName = Release;
		};
		25105E8528AD9C6400C3E501 /* Build configuration list for PBXNativeTarget "SquareDraft (iOS)" */ = {
			isa = XCConfigurationList;
			buildConfigurations = (
				25105E8628AD9C6400C3E501 /* Debug */,
				25105E8728AD9C6400C3E501 /* Release */,
			);
			defaultConfigurationIsVisible = 0;
			defaultConfigurationName = Release;
		};
		25105E8828AD9C6400C3E501 /* Build configuration list for PBXNativeTarget "SquareDraft (macOS)" */ = {
			isa = XCConfigurationList;
			buildConfigurations = (
				25105E8928AD9C6400C3E501 /* Debug */,
				25105E8A28AD9C6400C3E501 /* Release */,
			);
			defaultConfigurationIsVisible = 0;
			defaultConfigurationName = Release;
		};
		25105E8B28AD9C6400C3E501 /* Build configuration list for PBXNativeTarget "Tests iOS" */ = {
			isa = XCConfigurationList;
			buildConfigurations = (
				25105E8C28AD9C6400C3E501 /* Debug */,
				25105E8D28AD9C6400C3E501 /* Release */,
			);
			defaultConfigurationIsVisible = 0;
			defaultConfigurationName = Release;
		};
		25105E8E28AD9C6400C3E501 /* Build configuration list for PBXNativeTarget "Tests macOS" */ = {
			isa = XCConfigurationList;
			buildConfigurations = (
				25105E8F28AD9C6400C3E501 /* Debug */,
				25105E9028AD9C6400C3E501 /* Release */,
			);
			defaultConfigurationIsVisible = 0;
			defaultConfigurationName = Release;
		};
/* End XCConfigurationList section */
	};
	rootObject = 25105E5028AD9C5E00C3E501 /* Project object */;
}
